[[package]]
name = "atomicwrites"
version = "1.4.0"
description = "Atomic file writes."
category = "dev"
optional = false
python-versions = ">=2.7, !=3.0.*, !=3.1.*, !=3.2.*, !=3.3.*"

[[package]]
name = "attrs"
version = "21.4.0"
description = "Classes Without Boilerplate"
category = "dev"
optional = false
python-versions = ">=2.7, !=3.0.*, !=3.1.*, !=3.2.*, !=3.3.*, !=3.4.*"

[package.extras]
dev = ["coverage[toml] (>=5.0.2)", "hypothesis", "pympler", "pytest (>=4.3.0)", "six", "mypy", "pytest-mypy-plugins", "zope.interface", "furo", "sphinx", "sphinx-notfound-page", "pre-commit", "cloudpickle"]
docs = ["furo", "sphinx", "zope.interface", "sphinx-notfound-page"]
tests = ["coverage[toml] (>=5.0.2)", "hypothesis", "pympler", "pytest (>=4.3.0)", "six", "mypy", "pytest-mypy-plugins", "zope.interface", "cloudpickle"]
tests_no_zope = ["coverage[toml] (>=5.0.2)", "hypothesis", "pympler", "pytest (>=4.3.0)", "six", "mypy", "pytest-mypy-plugins", "cloudpickle"]

[[package]]
name = "colorama"
version = "0.4.4"
description = "Cross-platform colored terminal text."
category = "main"
optional = false
python-versions = ">=2.7, !=3.0.*, !=3.1.*, !=3.2.*, !=3.3.*, !=3.4.*"

[[package]]
name = "coloredlogs"
version = "15.0.1"
description = "Colored terminal output for Python's logging module"
category = "main"
optional = false
python-versions = ">=2.7, !=3.0.*, !=3.1.*, !=3.2.*, !=3.3.*, !=3.4.*"

[package.dependencies]
humanfriendly = ">=9.1"

[package.extras]
cron = ["capturer (>=2.4)"]

[[package]]
name = "gitdb"
version = "4.0.9"
description = "Git Object Database"
category = "main"
optional = true
python-versions = ">=3.6"

[package.dependencies]
smmap = ">=3.0.1,<6"

[[package]]
name = "gitpython"
version = "3.1.27"
description = "GitPython is a python library used to interact with Git repositories"
category = "main"
optional = true
python-versions = ">=3.7"

[package.dependencies]
gitdb = ">=4.0.1,<5"
typing-extensions = {version = ">=3.7.4.3", markers = "python_version < \"3.8\""}

[[package]]
name = "humanfriendly"
version = "10.0"
description = "Human friendly output for text interfaces using Python"
category = "main"
optional = false
python-versions = ">=2.7, !=3.0.*, !=3.1.*, !=3.2.*, !=3.3.*, !=3.4.*"

[package.dependencies]
pyreadline = {version = "*", markers = "sys_platform == \"win32\" and python_version < \"3.8\""}
pyreadline3 = {version = "*", markers = "sys_platform == \"win32\" and python_version >= \"3.8\""}

[[package]]
name = "importlib-metadata"
version = "4.11.4"
description = "Read metadata from Python packages"
category = "dev"
optional = false
python-versions = ">=3.7"

[package.dependencies]
typing-extensions = {version = ">=3.6.4", markers = "python_version < \"3.8\""}
zipp = ">=0.5"

[package.extras]
docs = ["sphinx", "jaraco.packaging (>=9)", "rst.linker (>=1.9)"]
perf = ["ipython"]
testing = ["pytest (>=6)", "pytest-checkdocs (>=2.4)", "pytest-flake8", "pytest-cov", "pytest-enabler (>=1.0.1)", "packaging", "pyfakefs", "flufl.flake8", "pytest-perf (>=0.9.2)", "pytest-black (>=0.3.7)", "pytest-mypy (>=0.9.1)", "importlib-resources (>=1.3)"]

[[package]]
name = "iniconfig"
version = "1.1.1"
description = "iniconfig: brain-dead simple config-ini parsing"
category = "dev"
optional = false
python-versions = "*"

[[package]]
name = "numpy"
version = "1.21.1"
description = "NumPy is the fundamental package for array computing with Python."
category = "main"
optional = false
python-versions = ">=3.7"

[[package]]
name = "packaging"
version = "21.3"
description = "Core utilities for Python packages"
category = "main"
optional = false
python-versions = ">=3.6"

[package.dependencies]
pyparsing = ">=2.0.2,<3.0.5 || >3.0.5"

[[package]]
name = "pluggy"
version = "1.0.0"
description = "plugin and hook calling mechanisms for python"
category = "dev"
optional = false
python-versions = ">=3.6"

[package.dependencies]
importlib-metadata = {version = ">=0.12", markers = "python_version < \"3.8\""}

[package.extras]
dev = ["pre-commit", "tox"]
testing = ["pytest", "pytest-benchmark"]

[[package]]
name = "protobuf"
version = "3.20.1"
description = "Protocol Buffers"
category = "main"
optional = false
python-versions = ">=3.7"

[[package]]
name = "py"
version = "1.11.0"
description = "library with cross-python path, ini-parsing, io, code, log facilities"
category = "dev"
optional = false
python-versions = ">=2.7, !=3.0.*, !=3.1.*, !=3.2.*, !=3.3.*, !=3.4.*"

[[package]]
name = "pyparsing"
version = "3.0.9"
description = "pyparsing module - Classes and methods to define and execute parsing grammars"
category = "main"
optional = false
python-versions = ">=3.6.8"

[package.extras]
diagrams = ["railroad-diagrams", "jinja2"]

[[package]]
name = "pyreadline"
version = "2.1"
description = "A python implmementation of GNU readline."
category = "main"
optional = false
python-versions = "*"

[[package]]
name = "pyreadline3"
version = "3.4.1"
description = "A python implementation of GNU readline."
category = "main"
optional = false
python-versions = "*"

[[package]]
name = "pytest"
version = "6.2.5"
description = "pytest: simple powerful testing with Python"
category = "dev"
optional = false
python-versions = ">=3.6"

[package.dependencies]
atomicwrites = {version = ">=1.0", markers = "sys_platform == \"win32\""}
attrs = ">=19.2.0"
colorama = {version = "*", markers = "sys_platform == \"win32\""}
importlib-metadata = {version = ">=0.12", markers = "python_version < \"3.8\""}
iniconfig = "*"
packaging = "*"
pluggy = ">=0.12,<2.0"
py = ">=1.8.2"
toml = "*"

[package.extras]
testing = ["argcomplete", "hypothesis (>=3.56)", "mock", "nose", "requests", "xmlschema"]

[[package]]
name = "pytorch-ignite"
version = "0.4.9"
description = "A lightweight library to help with training neural networks in PyTorch."
category = "main"
optional = false
python-versions = "*"

[package.dependencies]
packaging = "*"
torch = ">=1.3,<2"

[[package]]
name = "six"
version = "1.16.0"
description = "Python 2 and 3 compatibility utilities"
category = "main"
optional = false
python-versions = ">=2.7, !=3.0.*, !=3.1.*, !=3.2.*"

[[package]]
name = "smmap"
version = "5.0.0"
description = "A pure Python implementation of a sliding window memory map manager"
category = "main"
optional = true
python-versions = ">=3.6"

[[package]]
name = "tensorboardx"
version = "2.5"
description = "TensorBoardX lets you watch Tensors Flow without Tensorflow"
category = "main"
optional = false
python-versions = "*"

[package.dependencies]
numpy = "*"
protobuf = ">=3.8.0"
six = "*"

[[package]]
name = "toml"
version = "0.10.2"
description = "Python Library for Tom's Obvious, Minimal Language"
category = "dev"
optional = false
python-versions = ">=2.6, !=3.0.*, !=3.1.*, !=3.2.*"

[[package]]
name = "torch"
version = "1.11.0"
description = "Tensors and Dynamic neural networks in Python with strong GPU acceleration"
category = "main"
optional = false
python-versions = ">=3.7.0"

[package.dependencies]
typing-extensions = "*"

[[package]]
name = "tqdm"
version = "4.64.0"
description = "Fast, Extensible Progress Meter"
category = "main"
optional = false
python-versions = "!=3.0.*,!=3.1.*,!=3.2.*,!=3.3.*,>=2.7"

[package.dependencies]
colorama = {version = "*", markers = "platform_system == \"Windows\""}

[package.extras]
dev = ["py-make (>=0.1.0)", "twine", "wheel"]
notebook = ["ipywidgets (>=6)"]
slack = ["slack-sdk"]
telegram = ["requests"]

[[package]]
name = "typing-extensions"
version = "4.2.0"
description = "Backported and Experimental Type Hints for Python 3.7+"
category = "main"
optional = false
python-versions = ">=3.7"

[[package]]
name = "zipp"
version = "3.8.0"
description = "Backport of pathlib-compatible object wrapper for zip files"
category = "dev"
optional = false
python-versions = ">=3.7"

[package.extras]
docs = ["sphinx", "jaraco.packaging (>=9)", "rst.linker (>=1.9)"]
testing = ["pytest (>=6)", "pytest-checkdocs (>=2.4)", "pytest-flake8", "pytest-cov", "pytest-enabler (>=1.0.1)", "jaraco.itertools", "func-timeout", "pytest-black (>=0.3.7)", "pytest-mypy (>=0.9.1)"]

[metadata]
lock-version = "1.1"
python-versions = "^3.7.0"
content-hash = "c02630daa3d02423a8f3b442d0ab3e0d8f811681f0f2a942dda7dce23798c5d2"

[metadata.files]
atomicwrites = [
    {file = "atomicwrites-1.4.0-py2.py3-none-any.whl", hash = "sha256:6d1784dea7c0c8d4a5172b6c620f40b6e4cbfdf96d783691f2e1302a7b88e197"},
    {file = "atomicwrites-1.4.0.tar.gz", hash = "sha256:ae70396ad1a434f9c7046fd2dd196fc04b12f9e91ffb859164193be8b6168a7a"},
]
attrs = [
    {file = "attrs-21.4.0-py2.py3-none-any.whl", hash = "sha256:2d27e3784d7a565d36ab851fe94887c5eccd6a463168875832a1be79c82828b4"},
    {file = "attrs-21.4.0.tar.gz", hash = "sha256:626ba8234211db98e869df76230a137c4c40a12d72445c45d5f5b716f076e2fd"},
]
colorama = [
    {file = "colorama-0.4.4-py2.py3-none-any.whl", hash = "sha256:9f47eda37229f68eee03b24b9748937c7dc3868f906e8ba69fbcbdd3bc5dc3e2"},
    {file = "colorama-0.4.4.tar.gz", hash = "sha256:5941b2b48a20143d2267e95b1c2a7603ce057ee39fd88e7329b0c292aa16869b"},
]
coloredlogs = [
    {file = "coloredlogs-15.0.1-py2.py3-none-any.whl", hash = "sha256:612ee75c546f53e92e70049c9dbfcc18c935a2b9a53b66085ce9ef6a6e5c0934"},
    {file = "coloredlogs-15.0.1.tar.gz", hash = "sha256:7c991aa71a4577af2f82600d8f8f3a89f936baeaf9b50a9c197da014e5bf16b0"},
]
gitdb = [
    {file = "gitdb-4.0.9-py3-none-any.whl", hash = "sha256:8033ad4e853066ba6ca92050b9df2f89301b8fc8bf7e9324d412a63f8bf1a8fd"},
    {file = "gitdb-4.0.9.tar.gz", hash = "sha256:bac2fd45c0a1c9cf619e63a90d62bdc63892ef92387424b855792a6cabe789aa"},
]
gitpython = [
    {file = "GitPython-3.1.27-py3-none-any.whl", hash = "sha256:5b68b000463593e05ff2b261acff0ff0972df8ab1b70d3cdbd41b546c8b8fc3d"},
    {file = "GitPython-3.1.27.tar.gz", hash = "sha256:1c885ce809e8ba2d88a29befeb385fcea06338d3640712b59ca623c220bb5704"},
]
humanfriendly = [
    {file = "humanfriendly-10.0-py2.py3-none-any.whl", hash = "sha256:1697e1a8a8f550fd43c2865cd84542fc175a61dcb779b6fee18cf6b6ccba1477"},
    {file = "humanfriendly-10.0.tar.gz", hash = "sha256:6b0b831ce8f15f7300721aa49829fc4e83921a9a301cc7f606be6686a2288ddc"},
]
importlib-metadata = [
    {file = "importlib_metadata-4.11.4-py3-none-any.whl", hash = "sha256:c58c8eb8a762858f49e18436ff552e83914778e50e9d2f1660535ffb364552ec"},
    {file = "importlib_metadata-4.11.4.tar.gz", hash = "sha256:5d26852efe48c0a32b0509ffbc583fda1a2266545a78d104a6f4aff3db17d700"},
]
iniconfig = [
    {file = "iniconfig-1.1.1-py2.py3-none-any.whl", hash = "sha256:011e24c64b7f47f6ebd835bb12a743f2fbe9a26d4cecaa7f53bc4f35ee9da8b3"},
    {file = "iniconfig-1.1.1.tar.gz", hash = "sha256:bc3af051d7d14b2ee5ef9969666def0cd1a000e121eaea580d4a313df4b37f32"},
]
numpy = [
    {file = "numpy-1.21.1-cp37-cp37m-macosx_10_9_x86_64.whl", hash = "sha256:38e8648f9449a549a7dfe8d8755a5979b45b3538520d1e735637ef28e8c2dc50"},
    {file = "numpy-1.21.1-cp37-cp37m-manylinux_2_12_i686.manylinux2010_i686.whl", hash = "sha256:fd7d7409fa643a91d0a05c7554dd68aa9c9bb16e186f6ccfe40d6e003156e33a"},
    {file = "numpy-1.21.1-cp37-cp37m-manylinux_2_12_x86_64.manylinux2010_x86_64.whl", hash = "sha256:a75b4498b1e93d8b700282dc8e655b8bd559c0904b3910b144646dbbbc03e062"},
    {file = "numpy-1.21.1-cp37-cp37m-manylinux_2_17_aarch64.manylinux2014_aarch64.whl", hash = "sha256:1412aa0aec3e00bc23fbb8664d76552b4efde98fb71f60737c83efbac24112f1"},
    {file = "numpy-1.21.1-cp37-cp37m-manylinux_2_5_i686.manylinux1_i686.whl", hash = "sha256:e46ceaff65609b5399163de5893d8f2a82d3c77d5e56d976c8b5fb01faa6b671"},
    {file = "numpy-1.21.1-cp37-cp37m-manylinux_2_5_x86_64.manylinux1_x86_64.whl", hash = "sha256:c6a2324085dd52f96498419ba95b5777e40b6bcbc20088fddb9e8cbb58885e8e"},
    {file = "numpy-1.21.1-cp37-cp37m-win32.whl", hash = "sha256:73101b2a1fef16602696d133db402a7e7586654682244344b8329cdcbbb82172"},
    {file = "numpy-1.21.1-cp37-cp37m-win_amd64.whl", hash = "sha256:7a708a79c9a9d26904d1cca8d383bf869edf6f8e7650d85dbc77b041e8c5a0f8"},
    {file = "numpy-1.21.1-cp38-cp38-macosx_10_9_universal2.whl", hash = "sha256:95b995d0c413f5d0428b3f880e8fe1660ff9396dcd1f9eedbc311f37b5652e16"},
    {file = "numpy-1.21.1-cp38-cp38-macosx_10_9_x86_64.whl", hash = "sha256:635e6bd31c9fb3d475c8f44a089569070d10a9ef18ed13738b03049280281267"},
    {file = "numpy-1.21.1-cp38-cp38-macosx_11_0_arm64.whl", hash = "sha256:4a3d5fb89bfe21be2ef47c0614b9c9c707b7362386c9a3ff1feae63e0267ccb6"},
    {file = "numpy-1.21.1-cp38-cp38-manylinux_2_12_i686.manylinux2010_i686.whl", hash = "sha256:8a326af80e86d0e9ce92bcc1e65c8ff88297de4fa14ee936cb2293d414c9ec63"},
    {file = "numpy-1.21.1-cp38-cp38-manylinux_2_12_x86_64.manylinux2010_x86_64.whl", hash = "sha256:791492091744b0fe390a6ce85cc1bf5149968ac7d5f0477288f78c89b385d9af"},
    {file = "numpy-1.21.1-cp38-cp38-manylinux_2_17_aarch64.manylinux2014_aarch64.whl", hash = "sha256:0318c465786c1f63ac05d7c4dbcecd4d2d7e13f0959b01b534ea1e92202235c5"},
    {file = "numpy-1.21.1-cp38-cp38-manylinux_2_5_i686.manylinux1_i686.whl", hash = "sha256:9a513bd9c1551894ee3d31369f9b07460ef223694098cf27d399513415855b68"},
    {file = "numpy-1.21.1-cp38-cp38-manylinux_2_5_x86_64.manylinux1_x86_64.whl", hash = "sha256:91c6f5fc58df1e0a3cc0c3a717bb3308ff850abdaa6d2d802573ee2b11f674a8"},
    {file = "numpy-1.21.1-cp38-cp38-win32.whl", hash = "sha256:978010b68e17150db8765355d1ccdd450f9fc916824e8c4e35ee620590e234cd"},
    {file = "numpy-1.21.1-cp38-cp38-win_amd64.whl", hash = "sha256:9749a40a5b22333467f02fe11edc98f022133ee1bfa8ab99bda5e5437b831214"},
    {file = "numpy-1.21.1-cp39-cp39-macosx_10_9_universal2.whl", hash = "sha256:d7a4aeac3b94af92a9373d6e77b37691b86411f9745190d2c351f410ab3a791f"},
    {file = "numpy-1.21.1-cp39-cp39-macosx_10_9_x86_64.whl", hash = "sha256:d9e7912a56108aba9b31df688a4c4f5cb0d9d3787386b87d504762b6754fbb1b"},
    {file = "numpy-1.21.1-cp39-cp39-macosx_11_0_arm64.whl", hash = "sha256:25b40b98ebdd272bc3020935427a4530b7d60dfbe1ab9381a39147834e985eac"},
    {file = "numpy-1.21.1-cp39-cp39-manylinux_2_12_i686.manylinux2010_i686.whl", hash = "sha256:8a92c5aea763d14ba9d6475803fc7904bda7decc2a0a68153f587ad82941fec1"},
    {file = "numpy-1.21.1-cp39-cp39-manylinux_2_12_x86_64.manylinux2010_x86_64.whl", hash = "sha256:05a0f648eb28bae4bcb204e6fd14603de2908de982e761a2fc78efe0f19e96e1"},
    {file = "numpy-1.21.1-cp39-cp39-manylinux_2_17_aarch64.manylinux2014_aarch64.whl", hash = "sha256:f01f28075a92eede918b965e86e8f0ba7b7797a95aa8d35e1cc8821f5fc3ad6a"},
    {file = "numpy-1.21.1-cp39-cp39-win32.whl", hash = "sha256:88c0b89ad1cc24a5efbb99ff9ab5db0f9a86e9cc50240177a571fbe9c2860ac2"},
    {file = "numpy-1.21.1-cp39-cp39-win_amd64.whl", hash = "sha256:01721eefe70544d548425a07c80be8377096a54118070b8a62476866d5208e33"},
    {file = "numpy-1.21.1-pp37-pypy37_pp73-manylinux_2_12_x86_64.manylinux2010_x86_64.whl", hash = "sha256:2d4d1de6e6fb3d28781c73fbde702ac97f03d79e4ffd6598b880b2d95d62ead4"},
    {file = "numpy-1.21.1.zip", hash = "sha256:dff4af63638afcc57a3dfb9e4b26d434a7a602d225b42d746ea7fe2edf1342fd"},
]
packaging = [
    {file = "packaging-21.3-py3-none-any.whl", hash = "sha256:ef103e05f519cdc783ae24ea4e2e0f508a9c99b2d4969652eed6a2e1ea5bd522"},
    {file = "packaging-21.3.tar.gz", hash = "sha256:dd47c42927d89ab911e606518907cc2d3a1f38bbd026385970643f9c5b8ecfeb"},
]
pluggy = [
    {file = "pluggy-1.0.0-py2.py3-none-any.whl", hash = "sha256:74134bbf457f031a36d68416e1509f34bd5ccc019f0bcc952c7b909d06b37bd3"},
    {file = "pluggy-1.0.0.tar.gz", hash = "sha256:4224373bacce55f955a878bf9cfa763c1e360858e330072059e10bad68531159"},
]
protobuf = [
    {file = "protobuf-3.20.1-cp310-cp310-macosx_10_9_universal2.whl", hash = "sha256:3cc797c9d15d7689ed507b165cd05913acb992d78b379f6014e013f9ecb20996"},
    {file = "protobuf-3.20.1-cp310-cp310-manylinux2014_aarch64.whl", hash = "sha256:ff8d8fa42675249bb456f5db06c00de6c2f4c27a065955917b28c4f15978b9c3"},
    {file = "protobuf-3.20.1-cp310-cp310-manylinux_2_12_x86_64.manylinux2010_x86_64.whl", hash = "sha256:cd68be2559e2a3b84f517fb029ee611546f7812b1fdd0aa2ecc9bc6ec0e4fdde"},
    {file = "protobuf-3.20.1-cp310-cp310-win32.whl", hash = "sha256:9016d01c91e8e625141d24ec1b20fed584703e527d28512aa8c8707f105a683c"},
    {file = "protobuf-3.20.1-cp310-cp310-win_amd64.whl", hash = "sha256:32ca378605b41fd180dfe4e14d3226386d8d1b002ab31c969c366549e66a2bb7"},
    {file = "protobuf-3.20.1-cp36-cp36m-macosx_10_9_x86_64.whl", hash = "sha256:9be73ad47579abc26c12024239d3540e6b765182a91dbc88e23658ab71767153"},
    {file = "protobuf-3.20.1-cp36-cp36m-manylinux_2_5_x86_64.manylinux1_x86_64.whl", hash = "sha256:097c5d8a9808302fb0da7e20edf0b8d4703274d140fd25c5edabddcde43e081f"},
    {file = "protobuf-3.20.1-cp37-cp37m-macosx_10_9_x86_64.whl", hash = "sha256:e250a42f15bf9d5b09fe1b293bdba2801cd520a9f5ea2d7fb7536d4441811d20"},
    {file = "protobuf-3.20.1-cp37-cp37m-manylinux2014_aarch64.whl", hash = "sha256:cdee09140e1cd184ba9324ec1df410e7147242b94b5f8b0c64fc89e38a8ba531"},
    {file = "protobuf-3.20.1-cp37-cp37m-manylinux_2_5_x86_64.manylinux1_x86_64.whl", hash = "sha256:af0ebadc74e281a517141daad9d0f2c5d93ab78e9d455113719a45a49da9db4e"},
    {file = "protobuf-3.20.1-cp37-cp37m-win32.whl", hash = "sha256:755f3aee41354ae395e104d62119cb223339a8f3276a0cd009ffabfcdd46bb0c"},
    {file = "protobuf-3.20.1-cp37-cp37m-win_amd64.whl", hash = "sha256:62f1b5c4cd6c5402b4e2d63804ba49a327e0c386c99b1675c8a0fefda23b2067"},
    {file = "protobuf-3.20.1-cp38-cp38-macosx_10_9_x86_64.whl", hash = "sha256:06059eb6953ff01e56a25cd02cca1a9649a75a7e65397b5b9b4e929ed71d10cf"},
    {file = "protobuf-3.20.1-cp38-cp38-manylinux2014_aarch64.whl", hash = "sha256:cb29edb9eab15742d791e1025dd7b6a8f6fcb53802ad2f6e3adcb102051063ab"},
    {file = "protobuf-3.20.1-cp38-cp38-manylinux_2_5_x86_64.manylinux1_x86_64.whl", hash = "sha256:69ccfdf3657ba59569c64295b7d51325f91af586f8d5793b734260dfe2e94e2c"},
    {file = "protobuf-3.20.1-cp38-cp38-win32.whl", hash = "sha256:dd5789b2948ca702c17027c84c2accb552fc30f4622a98ab5c51fcfe8c50d3e7"},
    {file = "protobuf-3.20.1-cp38-cp38-win_amd64.whl", hash = "sha256:77053d28427a29987ca9caf7b72ccafee011257561259faba8dd308fda9a8739"},
    {file = "protobuf-3.20.1-cp39-cp39-macosx_10_9_x86_64.whl", hash = "sha256:6f50601512a3d23625d8a85b1638d914a0970f17920ff39cec63aaef80a93fb7"},
    {file = "protobuf-3.20.1-cp39-cp39-manylinux2014_aarch64.whl", hash = "sha256:284f86a6207c897542d7e956eb243a36bb8f9564c1742b253462386e96c6b78f"},
    {file = "protobuf-3.20.1-cp39-cp39-manylinux_2_5_x86_64.manylinux1_x86_64.whl", hash = "sha256:7403941f6d0992d40161aa8bb23e12575637008a5a02283a930addc0508982f9"},
    {file = "protobuf-3.20.1-cp39-cp39-win32.whl", hash = "sha256:db977c4ca738dd9ce508557d4fce0f5aebd105e158c725beec86feb1f6bc20d8"},
    {file = "protobuf-3.20.1-cp39-cp39-win_amd64.whl", hash = "sha256:7e371f10abe57cee5021797126c93479f59fccc9693dafd6bd5633ab67808a91"},
    {file = "protobuf-3.20.1-py2.py3-none-any.whl", hash = "sha256:adfc6cf69c7f8c50fd24c793964eef18f0ac321315439d94945820612849c388"},
    {file = "protobuf-3.20.1.tar.gz", hash = "sha256:adc31566d027f45efe3f44eeb5b1f329da43891634d61c75a5944e9be6dd42c9"},
]
py = [
    {file = "py-1.11.0-py2.py3-none-any.whl", hash = "sha256:607c53218732647dff4acdfcd50cb62615cedf612e72d1724fb1a0cc6405b378"},
    {file = "py-1.11.0.tar.gz", hash = "sha256:51c75c4126074b472f746a24399ad32f6053d1b34b68d2fa41e558e6f4a98719"},
]
pyparsing = [
    {file = "pyparsing-3.0.9-py3-none-any.whl", hash = "sha256:5026bae9a10eeaefb61dab2f09052b9f4307d44aee4eda64b309723d8d206bbc"},
    {file = "pyparsing-3.0.9.tar.gz", hash = "sha256:2b020ecf7d21b687f219b71ecad3631f644a47f01403fa1d1036b0c6416d70fb"},
]
pyreadline = [
    {file = "pyreadline-2.1.win-amd64.exe", hash = "sha256:9ce5fa65b8992dfa373bddc5b6e0864ead8f291c94fbfec05fbd5c836162e67b"},
    {file = "pyreadline-2.1.win32.exe", hash = "sha256:65540c21bfe14405a3a77e4c085ecfce88724743a4ead47c66b84defcf82c32e"},
    {file = "pyreadline-2.1.zip", hash = "sha256:4530592fc2e85b25b1a9f79664433da09237c1a270e4d78ea5aa3a2c7229e2d1"},
]
pyreadline3 = [
    {file = "pyreadline3-3.4.1-py3-none-any.whl", hash = "sha256:b0efb6516fd4fb07b45949053826a62fa4cb353db5be2bbb4a7aa1fdd1e345fb"},
    {file = "pyreadline3-3.4.1.tar.gz", hash = "sha256:6f3d1f7b8a31ba32b73917cefc1f28cc660562f39aea8646d30bd6eff21f7bae"},
]
pytest = [
    {file = "pytest-6.2.5-py3-none-any.whl", hash = "sha256:7310f8d27bc79ced999e760ca304d69f6ba6c6649c0b60fb0e04a4a77cacc134"},
    {file = "pytest-6.2.5.tar.gz", hash = "sha256:131b36680866a76e6781d13f101efb86cf674ebb9762eb70d3082b6f29889e89"},
]
pytorch-ignite = [
    {file = "pytorch-ignite-0.4.9.tar.gz", hash = "sha256:b959c86dced957229df98eeb8035c2e396ec66965b26aa370c8b5ad21777ef40"},
    {file = "pytorch_ignite-0.4.9-py3-none-any.whl", hash = "sha256:62af1bc8bf0d20d463f674c6f4cd8ab4941f75ef9d0f705b8420000566159ce7"},
    {file = "pytorch_ignite-0.4.9-py3.8.egg", hash = "sha256:db2fff19ca0c32a4a079d3c7f6866e824b59e63a8bcc1b35497c40b58dfd01ec"},
]
six = [
    {file = "six-1.16.0-py2.py3-none-any.whl", hash = "sha256:8abb2f1d86890a2dfb989f9a77cfcfd3e47c2a354b01111771326f8aa26e0254"},
    {file = "six-1.16.0.tar.gz", hash = "sha256:1e61c37477a1626458e36f7b1d82aa5c9b094fa4802892072e49de9c60c4c926"},
]
smmap = [
    {file = "smmap-5.0.0-py3-none-any.whl", hash = "sha256:2aba19d6a040e78d8b09de5c57e96207b09ed71d8e55ce0959eeee6c8e190d94"},
    {file = "smmap-5.0.0.tar.gz", hash = "sha256:c840e62059cd3be204b0c9c9f74be2c09d5648eddd4580d9314c3ecde0b30936"},
]
tensorboardx = [
    {file = "tensorboardX-2.5-py2.py3-none-any.whl", hash = "sha256:b1d8903f8106e2f4484640a293f9680f9757d5f7d2e699e0672bb2382d988e07"},
    {file = "tensorboardX-2.5.tar.gz", hash = "sha256:5238ac5eac4a26d8f8381d7f54a2fcd530a134db841af9a9a6427beca93c6776"},
]
toml = [
    {file = "toml-0.10.2-py2.py3-none-any.whl", hash = "sha256:806143ae5bfb6a3c6e736a764057db0e6a0e05e338b5630894a5f779cabb4f9b"},
    {file = "toml-0.10.2.tar.gz", hash = "sha256:b3bda1d108d5dd99f4a20d24d9c348e91c4db7ab1b749200bded2f839ccbe68f"},
]
torch = [
    {file = "torch-1.11.0-cp310-cp310-manylinux1_x86_64.whl", hash = "sha256:62052b50fffc29ca7afc0c04ef8206b6f1ca9d10629cb543077e12967e8d0398"},
    {file = "torch-1.11.0-cp310-cp310-manylinux2014_aarch64.whl", hash = "sha256:866bfba29ac98dec35d893d8e17eaec149d0ac7a53be7baae5c98069897db667"},
    {file = "torch-1.11.0-cp310-cp310-win_amd64.whl", hash = "sha256:951640fb8db308a59d9b510e7d1ad910aff92913323bbe4bc75435347ddd346d"},
    {file = "torch-1.11.0-cp310-none-macosx_10_9_x86_64.whl", hash = "sha256:5d77b5ece78fdafa5c7f42995ff9474399d22571cd6b2de21a5d666306a2ff8c"},
    {file = "torch-1.11.0-cp310-none-macosx_11_0_arm64.whl", hash = "sha256:b5a38682769b544c875ecc34bcb81fbad5c922139b61319aacffcfd8a32f528c"},
    {file = "torch-1.11.0-cp37-cp37m-manylinux1_x86_64.whl", hash = "sha256:f82d77695a60626f2b7382d85bc566de8a6b3e50d32080755abc040db802e419"},
    {file = "torch-1.11.0-cp37-cp37m-manylinux2014_aarch64.whl", hash = "sha256:b96654d42566080a134e784705f33f8536b3b95b5dcde357ed7879b1692a5f78"},
    {file = "torch-1.11.0-cp37-cp37m-win_amd64.whl", hash = "sha256:8ee7c2e8d7f7020d5bfbc1bb91b9591044c26bbd0cee5e4f694cfd7ed8649260"},
    {file = "torch-1.11.0-cp37-none-macosx_10_9_x86_64.whl", hash = "sha256:6860b1d1bf0bb0b67a6bd47f85a0e4c825b518eea13b5d6101999dbbcbd5bc0c"},
    {file = "torch-1.11.0-cp38-cp38-manylinux1_x86_64.whl", hash = "sha256:4322aa29f50da7f404db06cdf30896ea67b09f673af4a985afc7162bc897864d"},
    {file = "torch-1.11.0-cp38-cp38-manylinux2014_aarch64.whl", hash = "sha256:e4d2e0ddd652f30e94cff750220324ec45705d4ecc69658f773b3cb1c7a28dd0"},
    {file = "torch-1.11.0-cp38-cp38-win_amd64.whl", hash = "sha256:34ce5ea4d8d85da32cdbadb50d4585106901e9f8a3527991daa70c13a09de1f7"},
    {file = "torch-1.11.0-cp38-none-macosx_10_9_x86_64.whl", hash = "sha256:0ccc85cd06227a3edf809e2c795fd5762c3d4e8a38b5c9f744c6e7cf841361bb"},
    {file = "torch-1.11.0-cp38-none-macosx_11_0_arm64.whl", hash = "sha256:c1554e49d74f1b2c3e7202d77056ba2dd7465437585bac64062b580f714a44e9"},
    {file = "torch-1.11.0-cp39-cp39-manylinux1_x86_64.whl", hash = "sha256:58c7814502b1c129a650d7092033bbb0bbd64faf1a7941631aaa1aeaddc37570"},
    {file = "torch-1.11.0-cp39-cp39-manylinux2014_aarch64.whl", hash = "sha256:831cf588f01dda9409e75576741d2823453990dee2983d670f2584b37a01adf7"},
    {file = "torch-1.11.0-cp39-cp39-win_amd64.whl", hash = "sha256:44a1d02fd20f827f0f36dc26fdcfc45e793806a6ad52769a22260655a77a4369"},
    {file = "torch-1.11.0-cp39-none-macosx_10_9_x86_64.whl", hash = "sha256:50fd9bf85c578c871c28f1cb0ace9dfc6024401c7f399b174fb0f370899f4454"},
    {file = "torch-1.11.0-cp39-none-macosx_11_0_arm64.whl", hash = "sha256:0e48af66ad755f0f9c5f2664028a414f57c49d6adc37e77e06fe0004da4edb61"},
]
tqdm = [
    {file = "tqdm-4.64.0-py2.py3-none-any.whl", hash = "sha256:74a2cdefe14d11442cedf3ba4e21a3b84ff9a2dbdc6cfae2c34addb2a14a5ea6"},
    {file = "tqdm-4.64.0.tar.gz", hash = "sha256:40be55d30e200777a307a7585aee69e4eabb46b4ec6a4b4a5f2d9f11e7d5408d"},
]
typing-extensions = [
    {file = "typing_extensions-4.2.0-py3-none-any.whl", hash = "sha256:6657594ee297170d19f67d55c05852a874e7eb634f4f753dbd667855e07c1708"},
    {file = "typing_extensions-4.2.0.tar.gz", hash = "sha256:f1c24655a0da0d1b67f07e17a5e6b2a105894e6824b92096378bb3668ef02376"},
]
zipp = [
    {file = "zipp-3.8.0-py3-none-any.whl", hash = "sha256:c4f6e5bbf48e74f7a38e7cc5b0480ff42b0ae5178957d564d18932525d5cf099"},
    {file = "zipp-3.8.0.tar.gz", hash = "sha256:56bf8aadb83c24db6c4b577e13de374ccfb67da2078beba1d037c17980bf43ad"},
]
